
Microsoft Visual Studio Solution File, Format Version 12.00
# Visual Studio Version 17
VisualStudioVersion = 17.11.35111.106
MinimumVisualStudioVersion = 10.0.40219.1
Project("{9A19103F-16F7-4668-BE54-9A1E7A4F7556}") = "LiveTune", "LiveTune\LiveTune.csproj", "{0A1B44A6-2CC6-4588-A0C4-C1DBB29AEB2E}"
EndProject
Project("{9A19103F-16F7-4668-BE54-9A1E7A4F7556}") = "LiveTune.Desktop", "LiveTune.Desktop\LiveTune.Desktop.csproj", "{0122DA76-E0D1-4FEC-8C5E-8740AD00736B}"
EndProject
Project("{9A19103F-16F7-4668-BE54-9A1E7A4F7556}") = "RadioBrowserSharp", "RadioBrowserSharp\RadioBrowserSharp\RadioBrowserSharp.csproj", "{995805EB-4F66-4C64-81CD-9FD9F4517769}"
EndProject
Project("{9A19103F-16F7-4668-BE54-9A1E7A4F7556}") = "LiveTune.Player", "LiveTune.Player\LiveTune.Player.csproj", "{F5CA3470-59A8-45DA-B068-840980E1EECC}"
EndProject
Global
	GlobalSection(SolutionConfigurationPlatforms) = preSolution
		Debug|Any CPU = Debug|Any CPU
		Debug|ARM = Debug|ARM
		Debug|ARM64 = Debug|ARM64
		Debug|x64 = Debug|x64
		Debug|x86 = Debug|x86
		Release|Any CPU = Release|Any CPU
		Release|ARM = Release|ARM
		Release|ARM64 = Release|ARM64
		Release|x64 = Release|x64
		Release|x86 = Release|x86
	EndGlobalSection
	GlobalSection(ProjectConfigurationPlatforms) = postSolution
		{0A1B44A6-2CC6-4588-A0C4-C1DBB29AEB2E}.Debug|Any CPU.ActiveCfg = Debug|Any CPU
		{0A1B44A6-2CC6-4588-A0C4-C1DBB29AEB2E}.Debug|Any CPU.Build.0 = Debug|Any CPU
		{0A1B44A6-2CC6-4588-A0C4-C1DBB29AEB2E}.Debug|ARM.ActiveCfg = Debug|Any CPU
		{0A1B44A6-2CC6-4588-A0C4-C1DBB29AEB2E}.Debug|ARM.Build.0 = Debug|Any CPU
		{0A1B44A6-2CC6-4588-A0C4-C1DBB29AEB2E}.Debug|ARM64.ActiveCfg = Debug|Any CPU
		{0A1B44A6-2CC6-4588-A0C4-C1DBB29AEB2E}.Debug|ARM64.Build.0 = Debug|Any CPU
		{0A1B44A6-2CC6-4588-A0C4-C1DBB29AEB2E}.Debug|x64.ActiveCfg = Debug|Any CPU
		{0A1B44A6-2CC6-4588-A0C4-C1DBB29AEB2E}.Debug|x64.Build.0 = Debug|Any CPU
		{0A1B44A6-2CC6-4588-A0C4-C1DBB29AEB2E}.Debug|x86.ActiveCfg = Debug|Any CPU
		{0A1B44A6-2CC6-4588-A0C4-C1DBB29AEB2E}.Debug|x86.Build.0 = Debug|Any CPU
		{0A1B44A6-2CC6-4588-A0C4-C1DBB29AEB2E}.Release|Any CPU.ActiveCfg = Release|Any CPU
		{0A1B44A6-2CC6-4588-A0C4-C1DBB29AEB2E}.Release|Any CPU.Build.0 = Release|Any CPU
		{0A1B44A6-2CC6-4588-A0C4-C1DBB29AEB2E}.Release|ARM.ActiveCfg = Release|Any CPU
		{0A1B44A6-2CC6-4588-A0C4-C1DBB29AEB2E}.Release|ARM.Build.0 = Release|Any CPU
		{0A1B44A6-2CC6-4588-A0C4-C1DBB29AEB2E}.Release|ARM64.ActiveCfg = Release|Any CPU
		{0A1B44A6-2CC6-4588-A0C4-C1DBB29AEB2E}.Release|ARM64.Build.0 = Release|Any CPU
		{0A1B44A6-2CC6-4588-A0C4-C1DBB29AEB2E}.Release|x64.ActiveCfg = Release|Any CPU
		{0A1B44A6-2CC6-4588-A0C4-C1DBB29AEB2E}.Release|x64.Build.0 = Release|Any CPU
		{0A1B44A6-2CC6-4588-A0C4-C1DBB29AEB2E}.Release|x86.ActiveCfg = Release|Any CPU
		{0A1B44A6-2CC6-4588-A0C4-C1DBB29AEB2E}.Release|x86.Build.0 = Release|Any CPU
		{0122DA76-E0D1-4FEC-8C5E-8740AD00736B}.Debug|Any CPU.ActiveCfg = Debug|Any CPU
		{0122DA76-E0D1-4FEC-8C5E-8740AD00736B}.Debug|Any CPU.Build.0 = Debug|Any CPU
		{0122DA76-E0D1-4FEC-8C5E-8740AD00736B}.Debug|ARM.ActiveCfg = Debug|Any CPU
		{0122DA76-E0D1-4FEC-8C5E-8740AD00736B}.Debug|ARM.Build.0 = Debug|Any CPU
		{0122DA76-E0D1-4FEC-8C5E-8740AD00736B}.Debug|ARM64.ActiveCfg = Debug|Any CPU
		{0122DA76-E0D1-4FEC-8C5E-8740AD00736B}.Debug|ARM64.Build.0 = Debug|Any CPU
		{0122DA76-E0D1-4FEC-8C5E-8740AD00736B}.Debug|x64.ActiveCfg = Debug|Any CPU
		{0122DA76-E0D1-4FEC-8C5E-8740AD00736B}.Debug|x64.Build.0 = Debug|Any CPU
		{0122DA76-E0D1-4FEC-8C5E-8740AD00736B}.Debug|x86.ActiveCfg = Debug|Any CPU
		{0122DA76-E0D1-4FEC-8C5E-8740AD00736B}.Debug|x86.Build.0 = Debug|Any CPU
		{0122DA76-E0D1-4FEC-8C5E-8740AD00736B}.Release|Any CPU.ActiveCfg = Release|Any CPU
		{0122DA76-E0D1-4FEC-8C5E-8740AD00736B}.Release|Any CPU.Build.0 = Release|Any CPU
		{0122DA76-E0D1-4FEC-8C5E-8740AD00736B}.Release|ARM.ActiveCfg = Release|Any CPU
		{0122DA76-E0D1-4FEC-8C5E-8740AD00736B}.Release|ARM.Build.0 = Release|Any CPU
		{0122DA76-E0D1-4FEC-8C5E-8740AD00736B}.Release|ARM64.ActiveCfg = Release|Any CPU
		{0122DA76-E0D1-4FEC-8C5E-8740AD00736B}.Release|ARM64.Build.0 = Release|Any CPU
		{0122DA76-E0D1-4FEC-8C5E-8740AD00736B}.Release|x64.ActiveCfg = Release|Any CPU
		{0122DA76-E0D1-4FEC-8C5E-8740AD00736B}.Release|x64.Build.0 = Release|Any CPU
		{0122DA76-E0D1-4FEC-8C5E-8740AD00736B}.Release|x86.ActiveCfg = Release|Any CPU
		{0122DA76-E0D1-4FEC-8C5E-8740AD00736B}.Release|x86.Build.0 = Release|Any CPU
		{995805EB-4F66-4C64-81CD-9FD9F4517769}.Debug|Any CPU.ActiveCfg = Debug|Any CPU
		{995805EB-4F66-4C64-81CD-9FD9F4517769}.Debug|Any CPU.Build.0 = Debug|Any CPU
		{995805EB-4F66-4C64-81CD-9FD9F4517769}.Debug|ARM.ActiveCfg = Debug|Any CPU
		{995805EB-4F66-4C64-81CD-9FD9F4517769}.Debug|ARM.Build.0 = Debug|Any CPU
		{995805EB-4F66-4C64-81CD-9FD9F4517769}.Debug|ARM64.ActiveCfg = Debug|Any CPU
		{995805EB-4F66-4C64-81CD-9FD9F4517769}.Debug|ARM64.Build.0 = Debug|Any CPU
		{995805EB-4F66-4C64-81CD-9FD9F4517769}.Debug|x64.ActiveCfg = Debug|Any CPU
		{995805EB-4F66-4C64-81CD-9FD9F4517769}.Debug|x64.Build.0 = Debug|Any CPU
		{995805EB-4F66-4C64-81CD-9FD9F4517769}.Debug|x86.ActiveCfg = Debug|Any CPU
		{995805EB-4F66-4C64-81CD-9FD9F4517769}.Debug|x86.Build.0 = Debug|Any CPU
		{995805EB-4F66-4C64-81CD-9FD9F4517769}.Release|Any CPU.ActiveCfg = Release|Any CPU
		{995805EB-4F66-4C64-81CD-9FD9F4517769}.Release|Any CPU.Build.0 = Release|Any CPU
		{995805EB-4F66-4C64-81CD-9FD9F4517769}.Release|ARM.ActiveCfg = Release|Any CPU
		{995805EB-4F66-4C64-81CD-9FD9F4517769}.Release|ARM.Build.0 = Release|Any CPU
		{995805EB-4F66-4C64-81CD-9FD9F4517769}.Release|ARM64.ActiveCfg = Release|Any CPU
		{995805EB-4F66-4C64-81CD-9FD9F4517769}.Release|ARM64.Build.0 = Release|Any CPU
		{995805EB-4F66-4C64-81CD-9FD9F4517769}.Release|x64.ActiveCfg = Release|Any CPU
		{995805EB-4F66-4C64-81CD-9FD9F4517769}.Release|x64.Build.0 = Release|Any CPU
		{995805EB-4F66-4C64-81CD-9FD9F4517769}.Release|x86.ActiveCfg = Release|Any CPU
		{995805EB-4F66-4C64-81CD-9FD9F4517769}.Release|x86.Build.0 = Release|Any CPU
		{F5CA3470-59A8-45DA-B068-840980E1EECC}.Debug|Any CPU.ActiveCfg = Debug|Any CPU
		{F5CA3470-59A8-45DA-B068-840980E1EECC}.Debug|Any CPU.Build.0 = Debug|Any CPU
		{F5CA3470-59A8-45DA-B068-840980E1EECC}.Debug|ARM.ActiveCfg = Debug|Any CPU
		{F5CA3470-59A8-45DA-B068-840980E1EECC}.Debug|ARM.Build.0 = Debug|Any CPU
		{F5CA3470-59A8-45DA-B068-840980E1EECC}.Debug|ARM64.ActiveCfg = Debug|Any CPU
		{F5CA3470-59A8-45DA-B068-840980E1EECC}.Debug|ARM64.Build.0 = Debug|Any CPU
		{F5CA3470-59A8-45DA-B068-840980E1EECC}.Debug|x64.ActiveCfg = Debug|Any CPU
		{F5CA3470-59A8-45DA-B068-840980E1EECC}.Debug|x64.Build.0 = Debug|Any CPU
		{F5CA3470-59A8-45DA-B068-840980E1EECC}.Debug|x86.ActiveCfg = Debug|Any CPU
		{F5CA3470-59A8-45DA-B068-840980E1EECC}.Debug|x86.Build.0 = Debug|Any CPU
		{F5CA3470-59A8-45DA-B068-840980E1EECC}.Release|Any CPU.ActiveCfg = Release|Any CPU
		{F5CA3470-59A8-45DA-B068-840980E1EECC}.Release|Any CPU.Build.0 = Release|Any CPU
		{F5CA3470-59A8-45DA-B068-840980E1EECC}.Release|ARM.ActiveCfg = Release|Any CPU
		{F5CA3470-59A8-45DA-B068-840980E1EECC}.Release|ARM.Build.0 = Release|Any CPU
		{F5CA3470-59A8-45DA-B068-840980E1EECC}.Release|ARM64.ActiveCfg = Release|Any CPU
		{F5CA3470-59A8-45DA-B068-840980E1EECC}.Release|ARM64.Build.0 = Release|Any CPU
		{F5CA3470-59A8-45DA-B068-840980E1EECC}.Release|x64.ActiveCfg = Release|Any CPU
		{F5CA3470-59A8-45DA-B068-840980E1EECC}.Release|x64.Build.0 = Release|Any CPU
		{F5CA3470-59A8-45DA-B068-840980E1EECC}.Release|x86.ActiveCfg = Release|Any CPU
		{F5CA3470-59A8-45DA-B068-840980E1EECC}.Release|x86.Build.0 = Release|Any CPU
	EndGlobalSection
	GlobalSection(SolutionProperties) = preSolution
		HideSolutionNode = FALSE
	EndGlobalSection
	GlobalSection(ExtensibilityGlobals) = postSolution
		SolutionGuid = {DA58A3C9-6A8E-49D0-84EE-0B87EA4EB54C}
	EndGlobalSection
EndGlobal
