
Microsoft Visual Studio Solution File, Format Version 12.00
# Visual Studio Version 17
VisualStudioVersion = 17.11.35111.106
MinimumVisualStudioVersion = 10.0.40219.1
Project("{FAE04EC0-301F-11D3-BF4B-00C04F79EFBC}") = "LiveTune", "LiveTune\LiveTune.csproj", "{EE19EB8C-E3A0-447C-A11D-8F06570BF3E1}"
EndProject
Global
	GlobalSection(SolutionConfigurationPlatforms) = preSolution
		Debug|Any CPU = Debug|Any CPU
		Release|Any CPU = Release|Any CPU
	EndGlobalSection
	GlobalSection(ProjectConfigurationPlatforms) = postSolution
		{EE19EB8C-E3A0-447C-A11D-8F06570BF3E1}.Debug|Any CPU.ActiveCfg = Debug|Any CPU
		{EE19EB8C-E3A0-447C-A11D-8F06570BF3E1}.Debug|Any CPU.Build.0 = Debug|Any CPU
		{EE19EB8C-E3A0-447C-A11D-8F06570BF3E1}.Debug|Any CPU.Deploy.0 = Debug|Any CPU
		{EE19EB8C-E3A0-447C-A11D-8F06570BF3E1}.Release|Any CPU.ActiveCfg = Release|Any CPU
		{EE19EB8C-E3A0-447C-A11D-8F06570BF3E1}.Release|Any CPU.Build.0 = Release|Any CPU
		{EE19EB8C-E3A0-447C-A11D-8F06570BF3E1}.Release|Any CPU.Deploy.0 = Release|Any CPU
	EndGlobalSection
	GlobalSection(SolutionProperties) = preSolution
		HideSolutionNode = FALSE
	EndGlobalSection
	GlobalSection(ExtensibilityGlobals) = postSolution
		SolutionGuid = {DA58A3C9-6A8E-49D0-84EE-0B87EA4EB54C}
	EndGlobalSection
EndGlobal
